
Microsoft Visual Studio Solution File, Format Version 12.00
# Visual Studio Version 17
VisualStudioVersion = 17.7.34018.315
MinimumVisualStudioVersion = 10.0.40219.1
Project("{2150E333-8FDC-42A3-9474-1A3956D46DE8}") = "1-Presentation", "1-Presentation", "{79C5DCC2-2541-4CF6-8C01-7CE51F2ED6B6}"
EndProject
Project("{2150E333-8FDC-42A3-9474-1A3956D46DE8}") = "2-Application", "2-Application", "{1FB3677E-45E8-4F6C-A96B-B570B1F9B241}"
EndProject
Project("{2150E333-8FDC-42A3-9474-1A3956D46DE8}") = "3-Domain", "3-Domain", "{108604B8-12E7-4D66-979A-62BE136C64E8}"
EndProject
Project("{2150E333-8FDC-42A3-9474-1A3956D46DE8}") = "4-Infrastructure", "4-Infrastructure", "{FC79CD00-5E15-46E5-B6D9-AFDDCD8BC07F}"
EndProject
Project("{2150E333-8FDC-42A3-9474-1A3956D46DE8}") = "CrossCutting", "CrossCutting", "{3A631411-9076-47E7-9C7F-B51C74182939}"
EndProject
Project("{2150E333-8FDC-42A3-9474-1A3956D46DE8}") = "Data", "Data", "{E68F11A9-C51E-4E6A-AC38-A73DFA2107A9}"
EndProject
Project("{9A19103F-16F7-4668-BE54-9A1E7A4F7556}") = "UnifiedDevelopmentPowerPlatform.Presentation.Api", "UnifiedDevelopmentPlatform.Presentation.Api\UnifiedDevelopmentPowerPlatform.Presentation.Api.csproj", "{36C2DC79-F80B-40AA-88A2-57CD41755656}"
EndProject
Project("{9A19103F-16F7-4668-BE54-9A1E7A4F7556}") = "UnifiedDevelopmentPowerPlatform.Application", "UnifiedDevelopmentPlatform.Infraestructure.Application\UnifiedDevelopmentPowerPlatform.Application.csproj", "{9ED63B90-C31D-47A6-9285-6AED6BD12011}"
EndProject
Project("{9A19103F-16F7-4668-BE54-9A1E7A4F7556}") = "UnifiedDevelopmentPowerPlatform.Infraestructure.Domain", "UnifiedDevelopmentPlatform.Infraestructure.Domain\UnifiedDevelopmentPowerPlatform.Infraestructure.Domain.csproj", "{6D6E7FBC-B365-4FD2-9A67-825BB95A4985}"
EndProject
Project("{9A19103F-16F7-4668-BE54-9A1E7A4F7556}") = "UnifiedDevelopmentPowerPlatform.Infraestructure.CrossCutting", "UnifiedDevelopmentPlatform.Infraestructure.CrossCutting\UnifiedDevelopmentPowerPlatform.Infraestructure.CrossCutting.csproj", "{61D03821-57CC-499F-82EE-699D5D4AA97F}"
EndProject
Project("{9A19103F-16F7-4668-BE54-9A1E7A4F7556}") = "UnifiedDevelopmentPowerPlatform.Infraestructure.Data", "UnifiedDevelopmentPlatform.Infraestructure.Data\UnifiedDevelopmentPowerPlatform.Infraestructure.Data.csproj", "{AC80D2EB-D3FA-4194-91A6-893C0F7FC641}"
EndProject
Global
	GlobalSection(SolutionConfigurationPlatforms) = preSolution
		Debug|Any CPU = Debug|Any CPU
		Release|Any CPU = Release|Any CPU
	EndGlobalSection
	GlobalSection(ProjectConfigurationPlatforms) = postSolution
		{36C2DC79-F80B-40AA-88A2-57CD41755656}.Debug|Any CPU.ActiveCfg = Debug|Any CPU
		{36C2DC79-F80B-40AA-88A2-57CD41755656}.Debug|Any CPU.Build.0 = Debug|Any CPU
		{36C2DC79-F80B-40AA-88A2-57CD41755656}.Release|Any CPU.ActiveCfg = Release|Any CPU
		{36C2DC79-F80B-40AA-88A2-57CD41755656}.Release|Any CPU.Build.0 = Release|Any CPU
		{9ED63B90-C31D-47A6-9285-6AED6BD12011}.Debug|Any CPU.ActiveCfg = Debug|Any CPU
		{9ED63B90-C31D-47A6-9285-6AED6BD12011}.Debug|Any CPU.Build.0 = Debug|Any CPU
		{9ED63B90-C31D-47A6-9285-6AED6BD12011}.Release|Any CPU.ActiveCfg = Release|Any CPU
		{9ED63B90-C31D-47A6-9285-6AED6BD12011}.Release|Any CPU.Build.0 = Release|Any CPU
		{6D6E7FBC-B365-4FD2-9A67-825BB95A4985}.Debug|Any CPU.ActiveCfg = Debug|Any CPU
		{6D6E7FBC-B365-4FD2-9A67-825BB95A4985}.Debug|Any CPU.Build.0 = Debug|Any CPU
		{6D6E7FBC-B365-4FD2-9A67-825BB95A4985}.Release|Any CPU.ActiveCfg = Release|Any CPU
		{6D6E7FBC-B365-4FD2-9A67-825BB95A4985}.Release|Any CPU.Build.0 = Release|Any CPU
		{61D03821-57CC-499F-82EE-699D5D4AA97F}.Debug|Any CPU.ActiveCfg = Debug|Any CPU
		{61D03821-57CC-499F-82EE-699D5D4AA97F}.Debug|Any CPU.Build.0 = Debug|Any CPU
		{61D03821-57CC-499F-82EE-699D5D4AA97F}.Release|Any CPU.ActiveCfg = Release|Any CPU
		{61D03821-57CC-499F-82EE-699D5D4AA97F}.Release|Any CPU.Build.0 = Release|Any CPU
		{AC80D2EB-D3FA-4194-91A6-893C0F7FC641}.Debug|Any CPU.ActiveCfg = Debug|Any CPU
		{AC80D2EB-D3FA-4194-91A6-893C0F7FC641}.Debug|Any CPU.Build.0 = Debug|Any CPU
		{AC80D2EB-D3FA-4194-91A6-893C0F7FC641}.Release|Any CPU.ActiveCfg = Release|Any CPU
		{AC80D2EB-D3FA-4194-91A6-893C0F7FC641}.Release|Any CPU.Build.0 = Release|Any CPU
	EndGlobalSection
	GlobalSection(SolutionProperties) = preSolution
		HideSolutionNode = FALSE
	EndGlobalSection
	GlobalSection(NestedProjects) = preSolution
		{3A631411-9076-47E7-9C7F-B51C74182939} = {FC79CD00-5E15-46E5-B6D9-AFDDCD8BC07F}
		{E68F11A9-C51E-4E6A-AC38-A73DFA2107A9} = {FC79CD00-5E15-46E5-B6D9-AFDDCD8BC07F}
		{36C2DC79-F80B-40AA-88A2-57CD41755656} = {79C5DCC2-2541-4CF6-8C01-7CE51F2ED6B6}
		{9ED63B90-C31D-47A6-9285-6AED6BD12011} = {1FB3677E-45E8-4F6C-A96B-B570B1F9B241}
		{6D6E7FBC-B365-4FD2-9A67-825BB95A4985} = {108604B8-12E7-4D66-979A-62BE136C64E8}
		{61D03821-57CC-499F-82EE-699D5D4AA97F} = {3A631411-9076-47E7-9C7F-B51C74182939}
		{AC80D2EB-D3FA-4194-91A6-893C0F7FC641} = {E68F11A9-C51E-4E6A-AC38-A73DFA2107A9}
	EndGlobalSection
	GlobalSection(ExtensibilityGlobals) = postSolution
		SolutionGuid = {D4188781-4DE5-4724-82F7-571D74A7B4D0}
	EndGlobalSection
EndGlobal
